
Microsoft Visual Studio Solution File, Format Version 12.00
# Visual Studio Version 16
VisualStudioVersion = 16.0.30804.86
MinimumVisualStudioVersion = 10.0.40219.1
Project("{FAE04EC0-301F-11D3-BF4B-00C04F79EFBC}") = "SoapeeView", "SoapeeView.csproj", "{966E84B3-D9C8-4E82-9D00-6E645093DA10}"
	ProjectSection(ProjectDependencies) = postProject
		{C95F8455-2EF3-49D3-8CC5-B282011C30B8} = {C95F8455-2EF3-49D3-8CC5-B282011C30B8}
	EndProjectSection
EndProject
Project("{FAE04EC0-301F-11D3-BF4B-00C04F79EFBC}") = "SoapeeWebService", "..\SoapeeWebService\SoapeeWebService.csproj", "{C95F8455-2EF3-49D3-8CC5-B282011C30B8}"
EndProject
Global
	GlobalSection(SolutionConfigurationPlatforms) = preSolution
		Debug|Any CPU = Debug|Any CPU
		Release|Any CPU = Release|Any CPU
	EndGlobalSection
	GlobalSection(ProjectConfigurationPlatforms) = postSolution
		{966E84B3-D9C8-4E82-9D00-6E645093DA10}.Debug|Any CPU.ActiveCfg = Debug|Any CPU
		{966E84B3-D9C8-4E82-9D00-6E645093DA10}.Debug|Any CPU.Build.0 = Debug|Any CPU
		{966E84B3-D9C8-4E82-9D00-6E645093DA10}.Release|Any CPU.ActiveCfg = Release|Any CPU
		{966E84B3-D9C8-4E82-9D00-6E645093DA10}.Release|Any CPU.Build.0 = Release|Any CPU
		{C95F8455-2EF3-49D3-8CC5-B282011C30B8}.Debug|Any CPU.ActiveCfg = Debug|Any CPU
		{C95F8455-2EF3-49D3-8CC5-B282011C30B8}.Debug|Any CPU.Build.0 = Debug|Any CPU
		{C95F8455-2EF3-49D3-8CC5-B282011C30B8}.Release|Any CPU.ActiveCfg = Release|Any CPU
		{C95F8455-2EF3-49D3-8CC5-B282011C30B8}.Release|Any CPU.Build.0 = Release|Any CPU
	EndGlobalSection
	GlobalSection(SolutionProperties) = preSolution
		HideSolutionNode = FALSE
	EndGlobalSection
	GlobalSection(ExtensibilityGlobals) = postSolution
		SolutionGuid = {59A4E0A1-CF4B-4845-9772-7EAE5CD2CACE}
	EndGlobalSection
EndGlobal
